
Microsoft Visual Studio Solution File, Format Version 12.00
# Visual Studio Version 17
VisualStudioVersion = 17.9.34622.214
MinimumVisualStudioVersion = 10.0.40219.1
Project("{FAE04EC0-301F-11D3-BF4B-00C04F79EFBC}") = "DanikDotNet", "DanikDotNet.csproj", "{B595CC56-0A69-4517-A225-CF317996DE9C}"
EndProject
Global
	GlobalSection(SolutionConfigurationPlatforms) = preSolution
		Debug|Any CPU = Debug|Any CPU
		Release|Any CPU = Release|Any CPU
	EndGlobalSection
	GlobalSection(ProjectConfigurationPlatforms) = postSolution
		{B595CC56-0A69-4517-A225-CF317996DE9C}.Debug|Any CPU.ActiveCfg = Debug|Any CPU
		{B595CC56-0A69-4517-A225-CF317996DE9C}.Debug|Any CPU.Build.0 = Debug|Any CPU
		{B595CC56-0A69-4517-A225-CF317996DE9C}.Release|Any CPU.ActiveCfg = Release|Any CPU
		{B595CC56-0A69-4517-A225-CF317996DE9C}.Release|Any CPU.Build.0 = Release|Any CPU
	EndGlobalSection
	GlobalSection(SolutionProperties) = preSolution
		HideSolutionNode = FALSE
	EndGlobalSection
	GlobalSection(ExtensibilityGlobals) = postSolution
		SolutionGuid = {48FFC1AB-D162-464A-A4B3-ED74F0AC7DDC}
	EndGlobalSection
EndGlobal
